
Microsoft Visual Studio Solution File, Format Version 12.00
# Visual Studio Version 17
VisualStudioVersion = 17.8.34330.188
MinimumVisualStudioVersion = 10.0.40219.1
Project("{FAE04EC0-301F-11D3-BF4B-00C04F79EFBC}") = "CalculadoraComCSharp", "CalculadoraComCSharp\CalculadoraComCSharp.csproj", "{1A0BE5C1-5A37-42FD-BAF2-6FE7BFA6AD90}"
EndProject
Global
	GlobalSection(SolutionConfigurationPlatforms) = preSolution
		Debug|Any CPU = Debug|Any CPU
		Release|Any CPU = Release|Any CPU
	EndGlobalSection
	GlobalSection(ProjectConfigurationPlatforms) = postSolution
		{1A0BE5C1-5A37-42FD-BAF2-6FE7BFA6AD90}.Debug|Any CPU.ActiveCfg = Debug|Any CPU
		{1A0BE5C1-5A37-42FD-BAF2-6FE7BFA6AD90}.Debug|Any CPU.Build.0 = Debug|Any CPU
		{1A0BE5C1-5A37-42FD-BAF2-6FE7BFA6AD90}.Release|Any CPU.ActiveCfg = Release|Any CPU
		{1A0BE5C1-5A37-42FD-BAF2-6FE7BFA6AD90}.Release|Any CPU.Build.0 = Release|Any CPU
	EndGlobalSection
	GlobalSection(SolutionProperties) = preSolution
		HideSolutionNode = FALSE
	EndGlobalSection
	GlobalSection(ExtensibilityGlobals) = postSolution
		SolutionGuid = {53FC3F22-67E5-4B63-BA6D-48989A2C24BA}
	EndGlobalSection
EndGlobal
